
Microsoft Visual Studio Solution File, Format Version 12.00
# Visual Studio Version 16
VisualStudioVersion = 16.0.31005.135
MinimumVisualStudioVersion = 10.0.40219.1
Project("{9A19103F-16F7-4668-BE54-9A1E7A4F7556}") = "website", "website.csproj", "{16BFF231-424E-41EA-84D4-A50E34D19916}"
EndProject
Global
	GlobalSection(SolutionConfigurationPlatforms) = preSolution
		Debug|Any CPU = Debug|Any CPU
		Release|Any CPU = Release|Any CPU
	EndGlobalSection
	GlobalSection(ProjectConfigurationPlatforms) = postSolution
		{16BFF231-424E-41EA-84D4-A50E34D19916}.Debug|Any CPU.ActiveCfg = Debug|Any CPU
		{16BFF231-424E-41EA-84D4-A50E34D19916}.Debug|Any CPU.Build.0 = Debug|Any CPU
		{16BFF231-424E-41EA-84D4-A50E34D19916}.Release|Any CPU.ActiveCfg = Release|Any CPU
		{16BFF231-424E-41EA-84D4-A50E34D19916}.Release|Any CPU.Build.0 = Release|Any CPU
	EndGlobalSection
	GlobalSection(SolutionProperties) = preSolution
		HideSolutionNode = FALSE
	EndGlobalSection
	GlobalSection(ExtensibilityGlobals) = postSolution
		SolutionGuid = {EBFACAAD-A430-45D5-A6E2-4C28CB051E49}
	EndGlobalSection
EndGlobal
